
Microsoft Visual Studio Solution File, Format Version 12.00
# Visual Studio 15
VisualStudioVersion = 15.0.27004.2005
MinimumVisualStudioVersion = 10.0.40219.1
Project("{9A19103F-16F7-4668-BE54-9A1E7A4F7556}") = "Domain", "DakarRallySimulation\Domain.csproj", "{363B7024-C86A-4C85-8D24-CE9C70DEAA04}"
EndProject
Project("{9A19103F-16F7-4668-BE54-9A1E7A4F7556}") = "Tests", "DakarRallySimulationTests\Tests.csproj", "{6B521DFE-E988-4738-81E7-2B554B9E012F}"
EndProject
Project("{9A19103F-16F7-4668-BE54-9A1E7A4F7556}") = "App", "DakarRallySimulationApp\App.csproj", "{265E68B3-6AD9-42CA-BD8A-452D2FF9FBD4}"
EndProject
Project("{FAE04EC0-301F-11D3-BF4B-00C04F79EFBC}") = "WebAPI", "WebAPI\WebAPI.csproj", "{DDF1852E-FBFB-4990-B11E-C4F64856B5CD}"
EndProject
Global
	GlobalSection(SolutionConfigurationPlatforms) = preSolution
		Debug|Any CPU = Debug|Any CPU
		Release|Any CPU = Release|Any CPU
	EndGlobalSection
	GlobalSection(ProjectConfigurationPlatforms) = postSolution
		{363B7024-C86A-4C85-8D24-CE9C70DEAA04}.Debug|Any CPU.ActiveCfg = Debug|Any CPU
		{363B7024-C86A-4C85-8D24-CE9C70DEAA04}.Debug|Any CPU.Build.0 = Debug|Any CPU
		{363B7024-C86A-4C85-8D24-CE9C70DEAA04}.Release|Any CPU.ActiveCfg = Release|Any CPU
		{363B7024-C86A-4C85-8D24-CE9C70DEAA04}.Release|Any CPU.Build.0 = Release|Any CPU
		{6B521DFE-E988-4738-81E7-2B554B9E012F}.Debug|Any CPU.ActiveCfg = Debug|Any CPU
		{6B521DFE-E988-4738-81E7-2B554B9E012F}.Debug|Any CPU.Build.0 = Debug|Any CPU
		{6B521DFE-E988-4738-81E7-2B554B9E012F}.Release|Any CPU.ActiveCfg = Release|Any CPU
		{6B521DFE-E988-4738-81E7-2B554B9E012F}.Release|Any CPU.Build.0 = Release|Any CPU
		{265E68B3-6AD9-42CA-BD8A-452D2FF9FBD4}.Debug|Any CPU.ActiveCfg = Debug|Any CPU
		{265E68B3-6AD9-42CA-BD8A-452D2FF9FBD4}.Debug|Any CPU.Build.0 = Debug|Any CPU
		{265E68B3-6AD9-42CA-BD8A-452D2FF9FBD4}.Release|Any CPU.ActiveCfg = Release|Any CPU
		{265E68B3-6AD9-42CA-BD8A-452D2FF9FBD4}.Release|Any CPU.Build.0 = Release|Any CPU
		{DDF1852E-FBFB-4990-B11E-C4F64856B5CD}.Debug|Any CPU.ActiveCfg = Debug|Any CPU
		{DDF1852E-FBFB-4990-B11E-C4F64856B5CD}.Debug|Any CPU.Build.0 = Debug|Any CPU
		{DDF1852E-FBFB-4990-B11E-C4F64856B5CD}.Release|Any CPU.ActiveCfg = Release|Any CPU
		{DDF1852E-FBFB-4990-B11E-C4F64856B5CD}.Release|Any CPU.Build.0 = Release|Any CPU
	EndGlobalSection
	GlobalSection(SolutionProperties) = preSolution
		HideSolutionNode = FALSE
	EndGlobalSection
	GlobalSection(ExtensibilityGlobals) = postSolution
		SolutionGuid = {7F955031-7162-4F60-A313-D3A568566576}
	EndGlobalSection
EndGlobal
